{
	"requires": true,
	"lockfileVersion": 1,
	"dependencies": {
		"@material/typography": {
			"version": "0.1.1",
			"resolved": "https://registry.npmjs.org/@material/typography/-/typography-0.1.1.tgz",
			"integrity": "sha1-+y40N70yhNOen7kUhXZ63msr0ME="
		},
		"focus-trap": {
			"version": "2.4.4",
			"resolved": "https://registry.npmjs.org/focus-trap/-/focus-trap-2.4.4.tgz",
			"integrity": "sha512-tut5fKeBRY4ZmNoygXNRL0xg2KppL1S+zsT+1L7cbB/D7hymKsHR8kJk+8mbYSySfYFzxoENQ+knkWLj4l1h/Q==",
			"requires": {
				"tabbable": "1.1.3"
			}
		},
		"tabbable": {
			"version": "1.1.3",
			"resolved": "https://registry.npmjs.org/tabbable/-/tabbable-1.1.3.tgz",
			"integrity": "sha512-nOWwx35/JuDI4ONuF0ZTo6lYvI0fY0tZCH1ErzY2EXfu4az50ZyiUX8X073FLiZtmWUVlkRnuXsehjJgCw9tYg=="
		}
	}
}
